
Microsoft Visual Studio Solution File, Format Version 12.00
# Visual Studio Version 17
VisualStudioVersion = 17.4.33110.190
MinimumVisualStudioVersion = 10.0.40219.1
Project("{FAE04EC0-301F-11D3-BF4B-00C04F79EFBC}") = "DataAccessLayer", "DataAccessLayer\DataAccessLayer.csproj", "{5169C616-6488-476A-B2E1-BC4BD67E6ACB}"
EndProject
Project("{FAE04EC0-301F-11D3-BF4B-00C04F79EFBC}") = "EntityLayer", "EntityLayer\EntityLayer.csproj", "{48E15C60-0FE7-4041-BF83-A8ACF9ED9DF6}"
EndProject
Project("{FAE04EC0-301F-11D3-BF4B-00C04F79EFBC}") = "BusinessLayer", "BusinessLayer\BusinessLayer.csproj", "{740D2AC7-0D5F-4B56-BC88-A2777F4707F2}"
EndProject
Project("{FAE04EC0-301F-11D3-BF4B-00C04F79EFBC}") = "WebApplicationUI", "WebApplicationUI\WebApplicationUI.csproj", "{F77DA4E3-E7F1-443B-B291-C0B2A22671CD}"
EndProject
Global
	GlobalSection(SolutionConfigurationPlatforms) = preSolution
		Debug|Any CPU = Debug|Any CPU
		Release|Any CPU = Release|Any CPU
	EndGlobalSection
	GlobalSection(ProjectConfigurationPlatforms) = postSolution
		{5169C616-6488-476A-B2E1-BC4BD67E6ACB}.Debug|Any CPU.ActiveCfg = Debug|Any CPU
		{5169C616-6488-476A-B2E1-BC4BD67E6ACB}.Debug|Any CPU.Build.0 = Debug|Any CPU
		{5169C616-6488-476A-B2E1-BC4BD67E6ACB}.Release|Any CPU.ActiveCfg = Release|Any CPU
		{5169C616-6488-476A-B2E1-BC4BD67E6ACB}.Release|Any CPU.Build.0 = Release|Any CPU
		{48E15C60-0FE7-4041-BF83-A8ACF9ED9DF6}.Debug|Any CPU.ActiveCfg = Debug|Any CPU
		{48E15C60-0FE7-4041-BF83-A8ACF9ED9DF6}.Debug|Any CPU.Build.0 = Debug|Any CPU
		{48E15C60-0FE7-4041-BF83-A8ACF9ED9DF6}.Release|Any CPU.ActiveCfg = Release|Any CPU
		{48E15C60-0FE7-4041-BF83-A8ACF9ED9DF6}.Release|Any CPU.Build.0 = Release|Any CPU
		{740D2AC7-0D5F-4B56-BC88-A2777F4707F2}.Debug|Any CPU.ActiveCfg = Debug|Any CPU
		{740D2AC7-0D5F-4B56-BC88-A2777F4707F2}.Debug|Any CPU.Build.0 = Debug|Any CPU
		{740D2AC7-0D5F-4B56-BC88-A2777F4707F2}.Release|Any CPU.ActiveCfg = Release|Any CPU
		{740D2AC7-0D5F-4B56-BC88-A2777F4707F2}.Release|Any CPU.Build.0 = Release|Any CPU
		{F77DA4E3-E7F1-443B-B291-C0B2A22671CD}.Debug|Any CPU.ActiveCfg = Debug|Any CPU
		{F77DA4E3-E7F1-443B-B291-C0B2A22671CD}.Debug|Any CPU.Build.0 = Debug|Any CPU
		{F77DA4E3-E7F1-443B-B291-C0B2A22671CD}.Release|Any CPU.ActiveCfg = Release|Any CPU
		{F77DA4E3-E7F1-443B-B291-C0B2A22671CD}.Release|Any CPU.Build.0 = Release|Any CPU
	EndGlobalSection
	GlobalSection(SolutionProperties) = preSolution
		HideSolutionNode = FALSE
	EndGlobalSection
	GlobalSection(ExtensibilityGlobals) = postSolution
		SolutionGuid = {6FD38A43-6137-4AB2-9664-3358FBDAD1E7}
	EndGlobalSection
EndGlobal
